
Microsoft Visual Studio Solution File, Format Version 12.00
# Visual Studio Version 17
VisualStudioVersion = 17.4.33213.308
MinimumVisualStudioVersion = 10.0.40219.1
Project("{9A19103F-16F7-4668-BE54-9A1E7A4F7556}") = "ApiFuncionarios.Services", "ApiFuncionarios.Services\ApiFuncionarios.Services.csproj", "{2EAB1BF6-F531-4BFE-B6E8-D1F25D95B23B}"
EndProject
Project("{2150E333-8FDC-42A3-9474-1A3956D46DE8}") = "1 - Services Layer", "1 - Services Layer", "{6056DA6C-B2F5-40D9-B614-0794BA0C4676}"
EndProject
Project("{2150E333-8FDC-42A3-9474-1A3956D46DE8}") = "2 - Data Layer", "2 - Data Layer", "{52FB2D1E-34F5-4589-92EE-7A1DAD13D667}"
EndProject
Project("{FAE04EC0-301F-11D3-BF4B-00C04F79EFBC}") = "ApiFuncionarios.Data", "ApiFuncionarios.Data\ApiFuncionarios.Data.csproj", "{E35210E3-1F68-4EF9-8A37-6FA1719A0E20}"
EndProject
Global
	GlobalSection(SolutionConfigurationPlatforms) = preSolution
		Debug|Any CPU = Debug|Any CPU
		Release|Any CPU = Release|Any CPU
	EndGlobalSection
	GlobalSection(ProjectConfigurationPlatforms) = postSolution
		{2EAB1BF6-F531-4BFE-B6E8-D1F25D95B23B}.Debug|Any CPU.ActiveCfg = Debug|Any CPU
		{2EAB1BF6-F531-4BFE-B6E8-D1F25D95B23B}.Debug|Any CPU.Build.0 = Debug|Any CPU
		{2EAB1BF6-F531-4BFE-B6E8-D1F25D95B23B}.Release|Any CPU.ActiveCfg = Release|Any CPU
		{2EAB1BF6-F531-4BFE-B6E8-D1F25D95B23B}.Release|Any CPU.Build.0 = Release|Any CPU
		{E35210E3-1F68-4EF9-8A37-6FA1719A0E20}.Debug|Any CPU.ActiveCfg = Debug|Any CPU
		{E35210E3-1F68-4EF9-8A37-6FA1719A0E20}.Debug|Any CPU.Build.0 = Debug|Any CPU
		{E35210E3-1F68-4EF9-8A37-6FA1719A0E20}.Release|Any CPU.ActiveCfg = Release|Any CPU
		{E35210E3-1F68-4EF9-8A37-6FA1719A0E20}.Release|Any CPU.Build.0 = Release|Any CPU
	EndGlobalSection
	GlobalSection(SolutionProperties) = preSolution
		HideSolutionNode = FALSE
	EndGlobalSection
	GlobalSection(NestedProjects) = preSolution
		{2EAB1BF6-F531-4BFE-B6E8-D1F25D95B23B} = {6056DA6C-B2F5-40D9-B614-0794BA0C4676}
		{E35210E3-1F68-4EF9-8A37-6FA1719A0E20} = {52FB2D1E-34F5-4589-92EE-7A1DAD13D667}
	EndGlobalSection
	GlobalSection(ExtensibilityGlobals) = postSolution
		SolutionGuid = {D43A6280-C828-47F9-9222-F87E0C241ED9}
	EndGlobalSection
EndGlobal
